
Microsoft Visual Studio Solution File, Format Version 12.00
# Visual Studio Version 17
VisualStudioVersion = 17.10.35004.147
MinimumVisualStudioVersion = 10.0.40219.1
Project("{FAE04EC0-301F-11D3-BF4B-00C04F79EFBC}") = "OrderApi.Domain", "OrderApi.Domain\OrderApi.Domain.csproj", "{A08563EB-737B-46E6-8E64-61807A264330}"
EndProject
Project("{FAE04EC0-301F-11D3-BF4B-00C04F79EFBC}") = "OrderApi.Application", "OrderApi.Application\OrderApi.Application.csproj", "{4C6407D1-546E-4184-AB8A-CD8ECB8C97FC}"
EndProject
Project("{FAE04EC0-301F-11D3-BF4B-00C04F79EFBC}") = "OrderApi.Infrastructure", "OrderApi.Infrastructure\OrderApi.Infrastructure.csproj", "{E737DA78-55C3-4960-91E0-6C71C0FFAD68}"
EndProject
Project("{FAE04EC0-301F-11D3-BF4B-00C04F79EFBC}") = "OrderApi.Presentation", "OrderApi.Presentation\OrderApi.Presentation.csproj", "{DEB84AD7-94F4-41B8-A141-BD2F0ED7FA8B}"
EndProject
Project("{9A19103F-16F7-4668-BE54-9A1E7A4F7556}") = "Llaveremos.SharedLibrary", "..\LLaveremos.SharedLibrarySolution\Llaveremos.SharedLibrary\Llaveremos.SharedLibrary.csproj", "{E1FBBB1C-81A4-4CBE-82BA-D316542B1A12}"
EndProject
Global
	GlobalSection(SolutionConfigurationPlatforms) = preSolution
		Debug|Any CPU = Debug|Any CPU
		Release|Any CPU = Release|Any CPU
	EndGlobalSection
	GlobalSection(ProjectConfigurationPlatforms) = postSolution
		{A08563EB-737B-46E6-8E64-61807A264330}.Debug|Any CPU.ActiveCfg = Debug|Any CPU
		{A08563EB-737B-46E6-8E64-61807A264330}.Debug|Any CPU.Build.0 = Debug|Any CPU
		{A08563EB-737B-46E6-8E64-61807A264330}.Release|Any CPU.ActiveCfg = Release|Any CPU
		{A08563EB-737B-46E6-8E64-61807A264330}.Release|Any CPU.Build.0 = Release|Any CPU
		{4C6407D1-546E-4184-AB8A-CD8ECB8C97FC}.Debug|Any CPU.ActiveCfg = Debug|Any CPU
		{4C6407D1-546E-4184-AB8A-CD8ECB8C97FC}.Debug|Any CPU.Build.0 = Debug|Any CPU
		{4C6407D1-546E-4184-AB8A-CD8ECB8C97FC}.Release|Any CPU.ActiveCfg = Release|Any CPU
		{4C6407D1-546E-4184-AB8A-CD8ECB8C97FC}.Release|Any CPU.Build.0 = Release|Any CPU
		{E737DA78-55C3-4960-91E0-6C71C0FFAD68}.Debug|Any CPU.ActiveCfg = Debug|Any CPU
		{E737DA78-55C3-4960-91E0-6C71C0FFAD68}.Debug|Any CPU.Build.0 = Debug|Any CPU
		{E737DA78-55C3-4960-91E0-6C71C0FFAD68}.Release|Any CPU.ActiveCfg = Release|Any CPU
		{E737DA78-55C3-4960-91E0-6C71C0FFAD68}.Release|Any CPU.Build.0 = Release|Any CPU
		{DEB84AD7-94F4-41B8-A141-BD2F0ED7FA8B}.Debug|Any CPU.ActiveCfg = Debug|Any CPU
		{DEB84AD7-94F4-41B8-A141-BD2F0ED7FA8B}.Debug|Any CPU.Build.0 = Debug|Any CPU
		{DEB84AD7-94F4-41B8-A141-BD2F0ED7FA8B}.Release|Any CPU.ActiveCfg = Release|Any CPU
		{DEB84AD7-94F4-41B8-A141-BD2F0ED7FA8B}.Release|Any CPU.Build.0 = Release|Any CPU
		{E1FBBB1C-81A4-4CBE-82BA-D316542B1A12}.Debug|Any CPU.ActiveCfg = Debug|Any CPU
		{E1FBBB1C-81A4-4CBE-82BA-D316542B1A12}.Debug|Any CPU.Build.0 = Debug|Any CPU
		{E1FBBB1C-81A4-4CBE-82BA-D316542B1A12}.Release|Any CPU.ActiveCfg = Release|Any CPU
		{E1FBBB1C-81A4-4CBE-82BA-D316542B1A12}.Release|Any CPU.Build.0 = Release|Any CPU
	EndGlobalSection
	GlobalSection(SolutionProperties) = preSolution
		HideSolutionNode = FALSE
	EndGlobalSection
	GlobalSection(ExtensibilityGlobals) = postSolution
		SolutionGuid = {13C927FA-5DB1-4D4C-A7E5-4B44B74AF181}
	EndGlobalSection
EndGlobal
