
Microsoft Visual Studio Solution File, Format Version 12.00
# Visual Studio Version 17
VisualStudioVersion = 17.10.35004.147
MinimumVisualStudioVersion = 10.0.40219.1
Project("{FAE04EC0-301F-11D3-BF4B-00C04F79EFBC}") = "ApiGateway.Presentation", "ApiGateway.Presentation\ApiGateway.Presentation.csproj", "{021FB3EB-3E3B-4AFB-B15E-4923A9DA5F3D}"
EndProject
Project("{9A19103F-16F7-4668-BE54-9A1E7A4F7556}") = "Llaveremos.SharedLibrary", "..\LLaveremos.SharedLibrarySolution\Llaveremos.SharedLibrary\Llaveremos.SharedLibrary.csproj", "{D7E566BA-5747-4AAF-AD89-BCFE2FFA9132}"
EndProject
Global
	GlobalSection(SolutionConfigurationPlatforms) = preSolution
		Debug|Any CPU = Debug|Any CPU
		Release|Any CPU = Release|Any CPU
	EndGlobalSection
	GlobalSection(ProjectConfigurationPlatforms) = postSolution
		{021FB3EB-3E3B-4AFB-B15E-4923A9DA5F3D}.Debug|Any CPU.ActiveCfg = Debug|Any CPU
		{021FB3EB-3E3B-4AFB-B15E-4923A9DA5F3D}.Debug|Any CPU.Build.0 = Debug|Any CPU
		{021FB3EB-3E3B-4AFB-B15E-4923A9DA5F3D}.Release|Any CPU.ActiveCfg = Release|Any CPU
		{021FB3EB-3E3B-4AFB-B15E-4923A9DA5F3D}.Release|Any CPU.Build.0 = Release|Any CPU
		{D7E566BA-5747-4AAF-AD89-BCFE2FFA9132}.Debug|Any CPU.ActiveCfg = Debug|Any CPU
		{D7E566BA-5747-4AAF-AD89-BCFE2FFA9132}.Debug|Any CPU.Build.0 = Debug|Any CPU
		{D7E566BA-5747-4AAF-AD89-BCFE2FFA9132}.Release|Any CPU.ActiveCfg = Release|Any CPU
		{D7E566BA-5747-4AAF-AD89-BCFE2FFA9132}.Release|Any CPU.Build.0 = Release|Any CPU
	EndGlobalSection
	GlobalSection(SolutionProperties) = preSolution
		HideSolutionNode = FALSE
	EndGlobalSection
	GlobalSection(ExtensibilityGlobals) = postSolution
		SolutionGuid = {E94BBC06-163C-414B-B665-1C4AA3D0868F}
	EndGlobalSection
EndGlobal
